{
  "lockfileVersion": 1,
  "configVersion": 1,
  "workspaces": {
    "": {
      "name": "monitoring-app",
      "devDependencies": {
        "concurrently": "^8.2.0",
      },
    },
    "apps/backend": {
      "name": "backend",
      "dependencies": {
        "@elysiajs/cors": "^1.2.0",
        "elysia": "^1.2.0",
        "firebase": "^10.14.0",
      },
    },
  },
  "packages": {
    "@babel/runtime": ["@babel/runtime@7.29.2", "", {}, "sha512-JiDShH45zKHWyGe4ZNVRrCjBz8Nh9TMmZG1kh4QTK8hCBTWBi8Da+i7s1fJw7/lYpM4ccepSNfqzZ/QvABBi5g=="],

    "@borewit/text-codec": ["@borewit/text-codec@0.2.2", "", {}, "sha512-DDaRehssg1aNrH4+2hnj1B7vnUGEjU6OIlyRdkMd0aUdIUvKXrJfXsy8LVtXAy7DRvYVluWbMspsRhz2lcW0mQ=="],

    "@elysiajs/cors": ["@elysiajs/cors@1.4.2", "", { "peerDependencies": { "elysia": ">= 1.4.0" } }, "sha512-FTCcbH35brTLigF1W7BYySRZomgI/dBEMK9BgK9RP9Nez7zmpGh4koL/Yr1BFv8nYz7CfhRvcM8d/c+XnwMaVQ=="],

    "@firebase/analytics": ["@firebase/analytics@0.10.8", "", { "dependencies": { "@firebase/component": "0.6.9", "@firebase/installations": "0.6.9", "@firebase/logger": "0.4.2", "@firebase/util": "1.10.0", "tslib": "^2.1.0" }, "peerDependencies": { "@firebase/app": "0.x" } }, "sha512-CVnHcS4iRJPqtIDc411+UmFldk0ShSK3OB+D0bKD8Ck5Vro6dbK5+APZpkuWpbfdL359DIQUnAaMLE+zs/PVyA=="],

    "@firebase/analytics-compat": ["@firebase/analytics-compat@0.2.14", "", { "dependencies": { "@firebase/analytics": "0.10.8", "@firebase/analytics-types": "0.8.2", "@firebase/component": "0.6.9", "@firebase/util": "1.10.0", "tslib": "^2.1.0" }, "peerDependencies": { "@firebase/app-compat": "0.x" } }, "sha512-unRVY6SvRqfNFIAA/kwl4vK+lvQAL2HVcgu9zTrUtTyYDmtIt/lOuHJynBMYEgLnKm39YKBDhtqdapP2e++ASw=="],

    "@firebase/analytics-types": ["@firebase/analytics-types@0.8.2", "", {}, "sha512-EnzNNLh+9/sJsimsA/FGqzakmrAUKLeJvjRHlg8df1f97NLUlFidk9600y0ZgWOp3CAxn6Hjtk+08tixlUOWyw=="],

    "@firebase/app": ["@firebase/app@0.10.13", "", { "dependencies": { "@firebase/component": "0.6.9", "@firebase/logger": "0.4.2", "@firebase/util": "1.10.0", "idb": "7.1.1", "tslib": "^2.1.0" } }, "sha512-OZiDAEK/lDB6xy/XzYAyJJkaDqmQ+BCtOEPLqFvxWKUz5JbBmej7IiiRHdtiIOD/twW7O5AxVsfaaGA/V1bNsA=="],

    "@firebase/app-check": ["@firebase/app-check@0.8.8", "", { "dependencies": { "@firebase/component": "0.6.9", "@firebase/logger": "0.4.2", "@firebase/util": "1.10.0", "tslib": "^2.1.0" }, "peerDependencies": { "@firebase/app": "0.x" } }, "sha512-O49RGF1xj7k6BuhxGpHmqOW5hqBIAEbt2q6POW0lIywx7emYtzPDeQI+ryQpC4zbKX646SoVZ711TN1DBLNSOQ=="],

    "@firebase/app-check-compat": ["@firebase/app-check-compat@0.3.15", "", { "dependencies": { "@firebase/app-check": "0.8.8", "@firebase/app-check-types": "0.5.2", "@firebase/component": "0.6.9", "@firebase/logger": "0.4.2", "@firebase/util": "1.10.0", "tslib": "^2.1.0" }, "peerDependencies": { "@firebase/app-compat": "0.x" } }, "sha512-zFIvIFFNqDXpOT2huorz9cwf56VT3oJYRFjSFYdSbGYEJYEaXjLJbfC79lx/zjx4Fh+yuN8pry3TtvwaevrGbg=="],

    "@firebase/app-check-interop-types": ["@firebase/app-check-interop-types@0.3.2", "", {}, "sha512-LMs47Vinv2HBMZi49C09dJxp0QT5LwDzFaVGf/+ITHe3BlIhUiLNttkATSXplc89A2lAaeTqjgqVkiRfUGyQiQ=="],

    "@firebase/app-check-types": ["@firebase/app-check-types@0.5.2", "", {}, "sha512-FSOEzTzL5bLUbD2co3Zut46iyPWML6xc4x+78TeaXMSuJap5QObfb+rVvZJtla3asN4RwU7elaQaduP+HFizDA=="],

    "@firebase/app-compat": ["@firebase/app-compat@0.2.43", "", { "dependencies": { "@firebase/app": "0.10.13", "@firebase/component": "0.6.9", "@firebase/logger": "0.4.2", "@firebase/util": "1.10.0", "tslib": "^2.1.0" } }, "sha512-HM96ZyIblXjAC7TzE8wIk2QhHlSvksYkQ4Ukh1GmEenzkucSNUmUX4QvoKrqeWsLEQ8hdcojABeCV8ybVyZmeg=="],

    "@firebase/app-types": ["@firebase/app-types@0.9.2", "", {}, "sha512-oMEZ1TDlBz479lmABwWsWjzHwheQKiAgnuKxE0pz0IXCVx7/rtlkx1fQ6GfgK24WCrxDKMplZrT50Kh04iMbXQ=="],

    "@firebase/auth": ["@firebase/auth@1.7.9", "", { "dependencies": { "@firebase/component": "0.6.9", "@firebase/logger": "0.4.2", "@firebase/util": "1.10.0", "tslib": "^2.1.0", "undici": "6.19.7" }, "peerDependencies": { "@firebase/app": "0.x", "@react-native-async-storage/async-storage": "^1.18.1" }, "optionalPeers": ["@react-native-async-storage/async-storage"] }, "sha512-yLD5095kVgDw965jepMyUrIgDklD6qH/BZNHeKOgvu7pchOKNjVM+zQoOVYJIKWMWOWBq8IRNVU6NXzBbozaJg=="],

    "@firebase/auth-compat": ["@firebase/auth-compat@0.5.14", "", { "dependencies": { "@firebase/auth": "1.7.9", "@firebase/auth-types": "0.12.2", "@firebase/component": "0.6.9", "@firebase/util": "1.10.0", "tslib": "^2.1.0", "undici": "6.19.7" }, "peerDependencies": { "@firebase/app-compat": "0.x" } }, "sha512-2eczCSqBl1KUPJacZlFpQayvpilg3dxXLy9cSMTKtQMTQSmondUtPI47P3ikH3bQAXhzKLOE+qVxJ3/IRtu9pw=="],

    "@firebase/auth-interop-types": ["@firebase/auth-interop-types@0.2.3", "", {}, "sha512-Fc9wuJGgxoxQeavybiuwgyi+0rssr76b+nHpj+eGhXFYAdudMWyfBHvFL/I5fEHniUM/UQdFzi9VXJK2iZF7FQ=="],

    "@firebase/auth-types": ["@firebase/auth-types@0.12.2", "", { "peerDependencies": { "@firebase/app-types": "0.x", "@firebase/util": "1.x" } }, "sha512-qsEBaRMoGvHO10unlDJhaKSuPn4pyoTtlQuP1ghZfzB6rNQPuhp/N/DcFZxm9i4v0SogjCbf9reWupwIvfmH6w=="],

    "@firebase/component": ["@firebase/component@0.6.9", "", { "dependencies": { "@firebase/util": "1.10.0", "tslib": "^2.1.0" } }, "sha512-gm8EUEJE/fEac86AvHn8Z/QW8BvR56TBw3hMW0O838J/1mThYQXAIQBgUv75EqlCZfdawpWLrKt1uXvp9ciK3Q=="],

    "@firebase/data-connect": ["@firebase/data-connect@0.1.0", "", { "dependencies": { "@firebase/auth-interop-types": "0.2.3", "@firebase/component": "0.6.9", "@firebase/logger": "0.4.2", "@firebase/util": "1.10.0", "tslib": "^2.1.0" }, "peerDependencies": { "@firebase/app": "0.x" } }, "sha512-vSe5s8dY13ilhLnfY0eYRmQsdTbH7PUFZtBbqU6JVX/j8Qp9A6G5gG6//ulbX9/1JFOF1IWNOne9c8S/DOCJaQ=="],

    "@firebase/database": ["@firebase/database@1.0.8", "", { "dependencies": { "@firebase/app-check-interop-types": "0.3.2", "@firebase/auth-interop-types": "0.2.3", "@firebase/component": "0.6.9", "@firebase/logger": "0.4.2", "@firebase/util": "1.10.0", "faye-websocket": "0.11.4", "tslib": "^2.1.0" } }, "sha512-dzXALZeBI1U5TXt6619cv0+tgEhJiwlUtQ55WNZY7vGAjv7Q1QioV969iYwt1AQQ0ovHnEW0YW9TiBfefLvErg=="],

    "@firebase/database-compat": ["@firebase/database-compat@1.0.8", "", { "dependencies": { "@firebase/component": "0.6.9", "@firebase/database": "1.0.8", "@firebase/database-types": "1.0.5", "@firebase/logger": "0.4.2", "@firebase/util": "1.10.0", "tslib": "^2.1.0" } }, "sha512-OpeWZoPE3sGIRPBKYnW9wLad25RaWbGyk7fFQe4xnJQKRzlynWeFBSRRAoLE2Old01WXwskUiucNqUUVlFsceg=="],

    "@firebase/database-types": ["@firebase/database-types@1.0.5", "", { "dependencies": { "@firebase/app-types": "0.9.2", "@firebase/util": "1.10.0" } }, "sha512-fTlqCNwFYyq/C6W7AJ5OCuq5CeZuBEsEwptnVxlNPkWCo5cTTyukzAHRSO/jaQcItz33FfYrrFk1SJofcu2AaQ=="],

    "@firebase/firestore": ["@firebase/firestore@4.7.3", "", { "dependencies": { "@firebase/component": "0.6.9", "@firebase/logger": "0.4.2", "@firebase/util": "1.10.0", "@firebase/webchannel-wrapper": "1.0.1", "@grpc/grpc-js": "~1.9.0", "@grpc/proto-loader": "^0.7.8", "tslib": "^2.1.0", "undici": "6.19.7" }, "peerDependencies": { "@firebase/app": "0.x" } }, "sha512-NwVU+JPZ/3bhvNSJMCSzfcBZZg8SUGyzZ2T0EW3/bkUeefCyzMISSt/TTIfEHc8cdyXGlMqfGe3/62u9s74UEg=="],

    "@firebase/firestore-compat": ["@firebase/firestore-compat@0.3.38", "", { "dependencies": { "@firebase/component": "0.6.9", "@firebase/firestore": "4.7.3", "@firebase/firestore-types": "3.0.2", "@firebase/util": "1.10.0", "tslib": "^2.1.0" }, "peerDependencies": { "@firebase/app-compat": "0.x" } }, "sha512-GoS0bIMMkjpLni6StSwRJarpu2+S5m346Na7gr9YZ/BZ/W3/8iHGNr9PxC+f0rNZXqS4fGRn88pICjrZEgbkqQ=="],

    "@firebase/firestore-types": ["@firebase/firestore-types@3.0.2", "", { "peerDependencies": { "@firebase/app-types": "0.x", "@firebase/util": "1.x" } }, "sha512-wp1A+t5rI2Qc/2q7r2ZpjUXkRVPtGMd6zCLsiWurjsQpqPgFin3AhNibKcIzoF2rnToNa/XYtyWXuifjOOwDgg=="],

    "@firebase/functions": ["@firebase/functions@0.11.8", "", { "dependencies": { "@firebase/app-check-interop-types": "0.3.2", "@firebase/auth-interop-types": "0.2.3", "@firebase/component": "0.6.9", "@firebase/messaging-interop-types": "0.2.2", "@firebase/util": "1.10.0", "tslib": "^2.1.0", "undici": "6.19.7" }, "peerDependencies": { "@firebase/app": "0.x" } }, "sha512-Lo2rTPDn96naFIlSZKVd1yvRRqqqwiJk7cf9TZhUerwnPKgBzXy+aHE22ry+6EjCaQusUoNai6mU6p+G8QZT1g=="],

    "@firebase/functions-compat": ["@firebase/functions-compat@0.3.14", "", { "dependencies": { "@firebase/component": "0.6.9", "@firebase/functions": "0.11.8", "@firebase/functions-types": "0.6.2", "@firebase/util": "1.10.0", "tslib": "^2.1.0" }, "peerDependencies": { "@firebase/app-compat": "0.x" } }, "sha512-dZ0PKOKQFnOlMfcim39XzaXonSuPPAVuzpqA4ONTIdyaJK/OnBaIEVs/+BH4faa1a2tLeR+Jy15PKqDRQoNIJw=="],

    "@firebase/functions-types": ["@firebase/functions-types@0.6.2", "", {}, "sha512-0KiJ9lZ28nS2iJJvimpY4nNccV21rkQyor5Iheu/nq8aKXJqtJdeSlZDspjPSBBiHRzo7/GMUttegnsEITqR+w=="],

    "@firebase/installations": ["@firebase/installations@0.6.9", "", { "dependencies": { "@firebase/component": "0.6.9", "@firebase/util": "1.10.0", "idb": "7.1.1", "tslib": "^2.1.0" }, "peerDependencies": { "@firebase/app": "0.x" } }, "sha512-hlT7AwCiKghOX3XizLxXOsTFiFCQnp/oj86zp1UxwDGmyzsyoxtX+UIZyVyH/oBF5+XtblFG9KZzZQ/h+dpy+Q=="],

    "@firebase/installations-compat": ["@firebase/installations-compat@0.2.9", "", { "dependencies": { "@firebase/component": "0.6.9", "@firebase/installations": "0.6.9", "@firebase/installations-types": "0.5.2", "@firebase/util": "1.10.0", "tslib": "^2.1.0" }, "peerDependencies": { "@firebase/app-compat": "0.x" } }, "sha512-2lfdc6kPXR7WaL4FCQSQUhXcPbI7ol3wF+vkgtU25r77OxPf8F/VmswQ7sgIkBBWtymn5ZF20TIKtnOj9rjb6w=="],

    "@firebase/installations-types": ["@firebase/installations-types@0.5.2", "", { "peerDependencies": { "@firebase/app-types": "0.x" } }, "sha512-que84TqGRZJpJKHBlF2pkvc1YcXrtEDOVGiDjovP/a3s6W4nlbohGXEsBJo0JCeeg/UG9A+DEZVDUV9GpklUzA=="],

    "@firebase/logger": ["@firebase/logger@0.4.2", "", { "dependencies": { "tslib": "^2.1.0" } }, "sha512-Q1VuA5M1Gjqrwom6I6NUU4lQXdo9IAQieXlujeHZWvRt1b7qQ0KwBaNAjgxG27jgF9/mUwsNmO8ptBCGVYhB0A=="],

    "@firebase/messaging": ["@firebase/messaging@0.12.12", "", { "dependencies": { "@firebase/component": "0.6.9", "@firebase/installations": "0.6.9", "@firebase/messaging-interop-types": "0.2.2", "@firebase/util": "1.10.0", "idb": "7.1.1", "tslib": "^2.1.0" }, "peerDependencies": { "@firebase/app": "0.x" } }, "sha512-6q0pbzYBJhZEtUoQx7hnPhZvAbuMNuBXKQXOx2YlWhSrlv9N1m0ZzlNpBbu/ItTzrwNKTibdYzUyaaxdWLg+4w=="],

    "@firebase/messaging-compat": ["@firebase/messaging-compat@0.2.12", "", { "dependencies": { "@firebase/component": "0.6.9", "@firebase/messaging": "0.12.12", "@firebase/util": "1.10.0", "tslib": "^2.1.0" }, "peerDependencies": { "@firebase/app-compat": "0.x" } }, "sha512-pKsiUVZrbmRgdImYqhBNZlkKJbqjlPkVdQRZGRbkTyX4OSGKR0F/oJeCt1a8jEg5UnBp4fdVwSWSp4DuCovvEQ=="],

    "@firebase/messaging-interop-types": ["@firebase/messaging-interop-types@0.2.2", "", {}, "sha512-l68HXbuD2PPzDUOFb3aG+nZj5KA3INcPwlocwLZOzPp9rFM9yeuI9YLl6DQfguTX5eAGxO0doTR+rDLDvQb5tA=="],

    "@firebase/performance": ["@firebase/performance@0.6.9", "", { "dependencies": { "@firebase/component": "0.6.9", "@firebase/installations": "0.6.9", "@firebase/logger": "0.4.2", "@firebase/util": "1.10.0", "tslib": "^2.1.0" }, "peerDependencies": { "@firebase/app": "0.x" } }, "sha512-PnVaak5sqfz5ivhua+HserxTJHtCar/7zM0flCX6NkzBNzJzyzlH4Hs94h2Il0LQB99roBqoE5QT1JqWqcLJHQ=="],

    "@firebase/performance-compat": ["@firebase/performance-compat@0.2.9", "", { "dependencies": { "@firebase/component": "0.6.9", "@firebase/logger": "0.4.2", "@firebase/performance": "0.6.9", "@firebase/performance-types": "0.2.2", "@firebase/util": "1.10.0", "tslib": "^2.1.0" }, "peerDependencies": { "@firebase/app-compat": "0.x" } }, "sha512-dNl95IUnpsu3fAfYBZDCVhXNkASE0uo4HYaEPd2/PKscfTvsgqFAOxfAXzBEDOnynDWiaGUnb5M1O00JQ+3FXA=="],

    "@firebase/performance-types": ["@firebase/performance-types@0.2.2", "", {}, "sha512-gVq0/lAClVH5STrIdKnHnCo2UcPLjJlDUoEB/tB4KM+hAeHUxWKnpT0nemUPvxZ5nbdY/pybeyMe8Cs29gEcHA=="],

    "@firebase/remote-config": ["@firebase/remote-config@0.4.9", "", { "dependencies": { "@firebase/component": "0.6.9", "@firebase/installations": "0.6.9", "@firebase/logger": "0.4.2", "@firebase/util": "1.10.0", "tslib": "^2.1.0" }, "peerDependencies": { "@firebase/app": "0.x" } }, "sha512-EO1NLCWSPMHdDSRGwZ73kxEEcTopAxX1naqLJFNApp4hO8WfKfmEpmjxmP5TrrnypjIf2tUkYaKsfbEA7+AMmA=="],

    "@firebase/remote-config-compat": ["@firebase/remote-config-compat@0.2.9", "", { "dependencies": { "@firebase/component": "0.6.9", "@firebase/logger": "0.4.2", "@firebase/remote-config": "0.4.9", "@firebase/remote-config-types": "0.3.2", "@firebase/util": "1.10.0", "tslib": "^2.1.0" }, "peerDependencies": { "@firebase/app-compat": "0.x" } }, "sha512-AxzGpWfWFYejH2twxfdOJt5Cfh/ATHONegTd/a0p5flEzsD5JsxXgfkFToop+mypEL3gNwawxrxlZddmDoNxyA=="],

    "@firebase/remote-config-types": ["@firebase/remote-config-types@0.3.2", "", {}, "sha512-0BC4+Ud7y2aPTyhXJTMTFfrGGLqdYXrUB9sJVAB8NiqJswDTc4/2qrE/yfUbnQJhbSi6ZaTTBKyG3n1nplssaA=="],

    "@firebase/storage": ["@firebase/storage@0.13.2", "", { "dependencies": { "@firebase/component": "0.6.9", "@firebase/util": "1.10.0", "tslib": "^2.1.0", "undici": "6.19.7" }, "peerDependencies": { "@firebase/app": "0.x" } }, "sha512-fxuJnHshbhVwuJ4FuISLu+/76Aby2sh+44ztjF2ppoe0TELIDxPW6/r1KGlWYt//AD0IodDYYA8ZTN89q8YqUw=="],

    "@firebase/storage-compat": ["@firebase/storage-compat@0.3.12", "", { "dependencies": { "@firebase/component": "0.6.9", "@firebase/storage": "0.13.2", "@firebase/storage-types": "0.8.2", "@firebase/util": "1.10.0", "tslib": "^2.1.0" }, "peerDependencies": { "@firebase/app-compat": "0.x" } }, "sha512-hA4VWKyGU5bWOll+uwzzhEMMYGu9PlKQc1w4DWxB3aIErWYzonrZjF0icqNQZbwKNIdh8SHjZlFeB2w6OSsjfg=="],

    "@firebase/storage-types": ["@firebase/storage-types@0.8.2", "", { "peerDependencies": { "@firebase/app-types": "0.x", "@firebase/util": "1.x" } }, "sha512-0vWu99rdey0g53lA7IShoA2Lol1jfnPovzLDUBuon65K7uKG9G+L5uO05brD9pMw+l4HRFw23ah3GwTGpEav6g=="],

    "@firebase/util": ["@firebase/util@1.10.0", "", { "dependencies": { "tslib": "^2.1.0" } }, "sha512-xKtx4A668icQqoANRxyDLBLz51TAbDP9KRfpbKGxiCAW346d0BeJe5vN6/hKxxmWwnZ0mautyv39JxviwwQMOQ=="],

    "@firebase/vertexai-preview": ["@firebase/vertexai-preview@0.0.4", "", { "dependencies": { "@firebase/app-check-interop-types": "0.3.2", "@firebase/component": "0.6.9", "@firebase/logger": "0.4.2", "@firebase/util": "1.10.0", "tslib": "^2.1.0" }, "peerDependencies": { "@firebase/app": "0.x", "@firebase/app-types": "0.x" } }, "sha512-EBSqyu9eg8frQlVU9/HjKtHN7odqbh9MtAcVz3WwHj4gLCLOoN9F/o+oxlq3CxvFrd3CNTZwu6d2mZtVlEInng=="],

    "@firebase/webchannel-wrapper": ["@firebase/webchannel-wrapper@1.0.1", "", {}, "sha512-jmEnr/pk0yVkA7mIlHNnxCi+wWzOFUg0WyIotgkKAb2u1J7fAeDBcVNSTjTihbAYNusCLQdW5s9IJ5qwnEufcQ=="],

    "@grpc/grpc-js": ["@grpc/grpc-js@1.9.15", "", { "dependencies": { "@grpc/proto-loader": "^0.7.8", "@types/node": ">=12.12.47" } }, "sha512-nqE7Hc0AzI+euzUwDAy0aY5hCp10r734gMGRdU+qOPX0XSceI2ULrcXB5U2xSc5VkWwalCj4M7GzCAygZl2KoQ=="],

    "@grpc/proto-loader": ["@grpc/proto-loader@0.7.15", "", { "dependencies": { "lodash.camelcase": "^4.3.0", "long": "^5.0.0", "protobufjs": "^7.2.5", "yargs": "^17.7.2" }, "bin": { "proto-loader-gen-types": "build/bin/proto-loader-gen-types.js" } }, "sha512-tMXdRCfYVixjuFK+Hk0Q1s38gV9zDiDJfWL3h1rv4Qc39oILCu1TRTDt7+fGUI8K4G1Fj125Hx/ru3azECWTyQ=="],

    "@protobufjs/aspromise": ["@protobufjs/aspromise@1.1.2", "", {}, "sha512-j+gKExEuLmKwvz3OgROXtrJ2UG2x8Ch2YZUxahh+s1F2HZ+wAceUNLkvy6zKCPVRkU++ZWQrdxsUeQXmcg4uoQ=="],

    "@protobufjs/base64": ["@protobufjs/base64@1.1.2", "", {}, "sha512-AZkcAA5vnN/v4PDqKyMR5lx7hZttPDgClv83E//FMNhR2TMcLUhfRUBHCmSl0oi9zMgDDqRUJkSxO3wm85+XLg=="],

    "@protobufjs/codegen": ["@protobufjs/codegen@2.0.5", "", {}, "sha512-zgXFLzW3Ap33e6d0Wlj4MGIm6Ce8O89n/apUaGNB/jx+hw+ruWEp7EwGUshdLKVRCxZW12fp9r40E1mQrf/34g=="],

    "@protobufjs/eventemitter": ["@protobufjs/eventemitter@1.1.0", "", {}, "sha512-j9ednRT81vYJ9OfVuXG6ERSTdEL1xVsNgqpkxMsbIabzSo3goCjDIveeGv5d03om39ML71RdmrGNjG5SReBP/Q=="],

    "@protobufjs/fetch": ["@protobufjs/fetch@1.1.0", "", { "dependencies": { "@protobufjs/aspromise": "^1.1.1", "@protobufjs/inquire": "^1.1.0" } }, "sha512-lljVXpqXebpsijW71PZaCYeIcE5on1w5DlQy5WH6GLbFryLUrBD4932W/E2BSpfRJWseIL4v/KPgBFxDOIdKpQ=="],

    "@protobufjs/float": ["@protobufjs/float@1.0.2", "", {}, "sha512-Ddb+kVXlXst9d+R9PfTIxh1EdNkgoRe5tOX6t01f1lYWOvJnSPDBlG241QLzcyPdoNTsblLUdujGSE4RzrTZGQ=="],

    "@protobufjs/inquire": ["@protobufjs/inquire@1.1.1", "", {}, "sha512-mnzgDV26ueAvk7rsbt9L7bE0SuAoqyuys/sMMrmVcN5x9VsxpcG3rqAUSgDyLp0UZlmNfIbQ4fHfCtreVBk8Ew=="],

    "@protobufjs/path": ["@protobufjs/path@1.1.2", "", {}, "sha512-6JOcJ5Tm08dOHAbdR3GrvP+yUUfkjG5ePsHYczMFLq3ZmMkAD98cDgcT2iA1lJ9NVwFd4tH/iSSoe44YWkltEA=="],

    "@protobufjs/pool": ["@protobufjs/pool@1.1.0", "", {}, "sha512-0kELaGSIDBKvcgS4zkjz1PeddatrjYcmMWOlAuAPwAeccUrPHdUqo/J6LiymHHEiJT5NrF1UVwxY14f+fy4WQw=="],

    "@protobufjs/utf8": ["@protobufjs/utf8@1.1.1", "", {}, "sha512-oOAWABowe8EAbMyWKM0tYDKi8Yaox52D+HWZhAIJqQXbqe0xI/GV7FhLWqlEKreMkfDjshR5FKgi3mnle0h6Eg=="],

    "@sinclair/typebox": ["@sinclair/typebox@0.34.49", "", {}, "sha512-brySQQs7Jtn0joV8Xh9ZV/hZb9Ozb0pmazDIASBkYKCjXrXU3mpcFahmK/z4YDhGkQvP9mWJbVyahdtU5wQA+A=="],

    "@tokenizer/inflate": ["@tokenizer/inflate@0.4.1", "", { "dependencies": { "debug": "^4.4.3", "token-types": "^6.1.1" } }, "sha512-2mAv+8pkG6GIZiF1kNg1jAjh27IDxEPKwdGul3snfztFerfPGI1LjDezZp3i7BElXompqEtPmoPx6c2wgtWsOA=="],

    "@tokenizer/token": ["@tokenizer/token@0.3.0", "", {}, "sha512-OvjF+z51L3ov0OyAU0duzsYuvO01PH7x4t6DJx+guahgTnBHkhJdG7soQeTSFLWN3efnHyibZ4Z8l2EuWwJN3A=="],

    "@types/node": ["@types/node@25.6.0", "", { "dependencies": { "undici-types": "~7.19.0" } }, "sha512-+qIYRKdNYJwY3vRCZMdJbPLJAtGjQBudzZzdzwQYkEPQd+PJGixUL5QfvCLDaULoLv+RhT3LDkwEfKaAkgSmNQ=="],

    "ansi-regex": ["ansi-regex@5.0.1", "", {}, "sha512-quJQXlTSUGL2LH9SUXo8VwsY4soanhgo6LNSm84E1LBcE8s3O0wpdiRzyR9z/ZZJMlMWv37qOOb9pdJlMUEKFQ=="],

    "ansi-styles": ["ansi-styles@4.3.0", "", { "dependencies": { "color-convert": "^2.0.1" } }, "sha512-zbB9rCJAT1rbjiVDb2hqKFHNYLxgtk8NURxZ3IZwD3F6NtxbXZQCnnSi1Lkx+IDohdPlFp222wVALIheZJQSEg=="],

    "backend": ["backend@workspace:apps/backend"],

    "chalk": ["chalk@4.1.2", "", { "dependencies": { "ansi-styles": "^4.1.0", "supports-color": "^7.1.0" } }, "sha512-oKnbhFyRIXpUuez8iBMmyEa4nbj4IOQyuhc/wy9kY7/WVPcwIO9VA668Pu8RkO7+0G76SLROeyw9CpQ061i4mA=="],

    "cliui": ["cliui@8.0.1", "", { "dependencies": { "string-width": "^4.2.0", "strip-ansi": "^6.0.1", "wrap-ansi": "^7.0.0" } }, "sha512-BSeNnyus75C4//NQ9gQt1/csTXyo/8Sb+afLAkzAptFuMsod9HFokGNudZpi/oQV73hnVK+sR+5PVRMd+Dr7YQ=="],

    "color-convert": ["color-convert@2.0.1", "", { "dependencies": { "color-name": "~1.1.4" } }, "sha512-RRECPsj7iu/xb5oKYcsFHSppFNnsj/52OVTRKb4zP5onXwVF3zVmmToNcOfGC+CRDpfK/U584fMg38ZHCaElKQ=="],

    "color-name": ["color-name@1.1.4", "", {}, "sha512-dOy+3AuW3a2wNbZHIuMZpTcgjGuLU/uBL/ubcZF9OXbDo8ff4O8yVp5Bf0efS8uEoYo5q4Fx7dY9OgQGXgAsQA=="],

    "concurrently": ["concurrently@8.2.2", "", { "dependencies": { "chalk": "^4.1.2", "date-fns": "^2.30.0", "lodash": "^4.17.21", "rxjs": "^7.8.1", "shell-quote": "^1.8.1", "spawn-command": "0.0.2", "supports-color": "^8.1.1", "tree-kill": "^1.2.2", "yargs": "^17.7.2" }, "bin": { "conc": "dist/bin/concurrently.js", "concurrently": "dist/bin/concurrently.js" } }, "sha512-1dP4gpXFhei8IOtlXRE/T/4H88ElHgTiUzh71YUmtjTEHMSRS2Z/fgOxHSxxusGHogsRfxNq1vyAwxSC+EVyDg=="],

    "cookie": ["cookie@1.1.1", "", {}, "sha512-ei8Aos7ja0weRpFzJnEA9UHJ/7XQmqglbRwnf2ATjcB9Wq874VKH9kfjjirM6UhU2/E5fFYadylyhFldcqSidQ=="],

    "date-fns": ["date-fns@2.30.0", "", { "dependencies": { "@babel/runtime": "^7.21.0" } }, "sha512-fnULvOpxnC5/Vg3NCiWelDsLiUc9bRwAPs/+LfTLNvetFCtCTN+yQz15C/fs4AwX1R9K5GLtLfn8QW+dWisaAw=="],

    "debug": ["debug@4.4.3", "", { "dependencies": { "ms": "^2.1.3" } }, "sha512-RGwwWnwQvkVfavKVt22FGLw+xYSdzARwm0ru6DhTVA3umU5hZc28V3kO4stgYryrTlLpuvgI9GiijltAjNbcqA=="],

    "elysia": ["elysia@1.4.28", "", { "dependencies": { "cookie": "^1.1.1", "exact-mirror": "^0.2.7", "fast-decode-uri-component": "^1.0.1", "memoirist": "^0.4.0" }, "peerDependencies": { "@sinclair/typebox": ">= 0.34.0 < 1", "@types/bun": ">= 1.2.0", "file-type": ">= 20.0.0", "openapi-types": ">= 12.0.0", "typescript": ">= 5.0.0" }, "optionalPeers": ["@types/bun", "typescript"] }, "sha512-Vrx8sBnvq8squS/3yNBzR1jBXI+SgmnmvwawPjNuEHndUe5l1jV2Gp6JJ4ulDkEB8On6bWmmuyPpA+bq4t+WYg=="],

    "emoji-regex": ["emoji-regex@8.0.0", "", {}, "sha512-MSjYzcWNOA0ewAHpz0MxpYFvwg6yjy1NG3xteoqz644VCo/RPgnr1/GGt+ic3iJTzQ8Eu3TdM14SawnVUmGE6A=="],

    "escalade": ["escalade@3.2.0", "", {}, "sha512-WUj2qlxaQtO4g6Pq5c29GTcWGDyd8itL8zTlipgECz3JesAiiOKotd8JU6otB3PACgG6xkJUyVhboMS+bje/jA=="],

    "exact-mirror": ["exact-mirror@0.2.7", "", { "peerDependencies": { "@sinclair/typebox": "^0.34.15" }, "optionalPeers": ["@sinclair/typebox"] }, "sha512-+MeEmDcLA4o/vjK2zujgk+1VTxPR4hdp23qLqkWfStbECtAq9gmsvQa3LW6z/0GXZyHJobrCnmy1cdeE7BjsYg=="],

    "fast-decode-uri-component": ["fast-decode-uri-component@1.0.1", "", {}, "sha512-WKgKWg5eUxvRZGwW8FvfbaH7AXSh2cL+3j5fMGzUMCxWBJ3dV3a7Wz8y2f/uQ0e3B6WmodD3oS54jTQ9HVTIIg=="],

    "faye-websocket": ["faye-websocket@0.11.4", "", { "dependencies": { "websocket-driver": ">=0.5.1" } }, "sha512-CzbClwlXAuiRQAlUyfqPgvPoNKTckTPGfwZV4ZdAhVcP2lh9KUxJg2b5GkE7XbjKQ3YJnQ9z6D9ntLAlB+tP8g=="],

    "file-type": ["file-type@22.0.1", "", { "dependencies": { "@tokenizer/inflate": "^0.4.1", "strtok3": "^10.3.5", "token-types": "^6.1.2", "uint8array-extras": "^1.5.0" } }, "sha512-ww5Mhre0EE+jmBvOXTmXAbEMuZE7uX4a3+oRCQFNj8w++g3ev913N6tXQz0XTXbueQ5TWQfm6BdaViEHHn8bhA=="],

    "firebase": ["firebase@10.14.1", "", { "dependencies": { "@firebase/analytics": "0.10.8", "@firebase/analytics-compat": "0.2.14", "@firebase/app": "0.10.13", "@firebase/app-check": "0.8.8", "@firebase/app-check-compat": "0.3.15", "@firebase/app-compat": "0.2.43", "@firebase/app-types": "0.9.2", "@firebase/auth": "1.7.9", "@firebase/auth-compat": "0.5.14", "@firebase/data-connect": "0.1.0", "@firebase/database": "1.0.8", "@firebase/database-compat": "1.0.8", "@firebase/firestore": "4.7.3", "@firebase/firestore-compat": "0.3.38", "@firebase/functions": "0.11.8", "@firebase/functions-compat": "0.3.14", "@firebase/installations": "0.6.9", "@firebase/installations-compat": "0.2.9", "@firebase/messaging": "0.12.12", "@firebase/messaging-compat": "0.2.12", "@firebase/performance": "0.6.9", "@firebase/performance-compat": "0.2.9", "@firebase/remote-config": "0.4.9", "@firebase/remote-config-compat": "0.2.9", "@firebase/storage": "0.13.2", "@firebase/storage-compat": "0.3.12", "@firebase/util": "1.10.0", "@firebase/vertexai-preview": "0.0.4" } }, "sha512-0KZxU+Ela9rUCULqFsUUOYYkjh7OM1EWdIfG6///MtXd0t2/uUIf0iNV5i0KariMhRQ5jve/OY985nrAXFaZeQ=="],

    "get-caller-file": ["get-caller-file@2.0.5", "", {}, "sha512-DyFP3BM/3YHTQOCUL/w0OZHR0lpKeGrxotcHWcqNEdnltqFwXVfhEBQ94eIo34AfQpo0rGki4cyIiftY06h2Fg=="],

    "has-flag": ["has-flag@4.0.0", "", {}, "sha512-EykJT/Q1KjTWctppgIAgfSO0tKVuZUjhgMr17kqTumMl6Afv3EISleU7qZUzoXDFTAHTDC4NOoG/ZxU3EvlMPQ=="],

    "http-parser-js": ["http-parser-js@0.5.10", "", {}, "sha512-Pysuw9XpUq5dVc/2SMHpuTY01RFl8fttgcyunjL7eEMhGM3cI4eOmiCycJDVCo/7O7ClfQD3SaI6ftDzqOXYMA=="],

    "idb": ["idb@7.1.1", "", {}, "sha512-gchesWBzyvGHRO9W8tzUWFDycow5gwjvFKfyV9FF32Y7F50yZMp7mP+T2mJIWFx49zicqyC4uefHM17o6xKIVQ=="],

    "ieee754": ["ieee754@1.2.1", "", {}, "sha512-dcyqhDvX1C46lXZcVqCpK+FtMRQVdIMN6/Df5js2zouUsqG7I6sFxitIC+7KYK29KdXOLHdu9zL4sFnoVQnqaA=="],

    "is-fullwidth-code-point": ["is-fullwidth-code-point@3.0.0", "", {}, "sha512-zymm5+u+sCsSWyD9qNaejV3DFvhCKclKdizYaJUuHA83RLjb7nSuGnddCHGv0hk+KY7BMAlsWeK4Ueg6EV6XQg=="],

    "lodash": ["lodash@4.18.1", "", {}, "sha512-dMInicTPVE8d1e5otfwmmjlxkZoUpiVLwyeTdUsi/Caj/gfzzblBcCE5sRHV/AsjuCmxWrte2TNGSYuCeCq+0Q=="],

    "lodash.camelcase": ["lodash.camelcase@4.3.0", "", {}, "sha512-TwuEnCnxbc3rAvhf/LbG7tJUDzhqXyFnv3dtzLOPgCG/hODL7WFnsbwktkD7yUV0RrreP/l1PALq/YSg6VvjlA=="],

    "long": ["long@5.3.2", "", {}, "sha512-mNAgZ1GmyNhD7AuqnTG3/VQ26o760+ZYBPKjPvugO8+nLbYfX6TVpJPseBvopbdY+qpZ/lKUnmEc1LeZYS3QAA=="],

    "memoirist": ["memoirist@0.4.0", "", {}, "sha512-zxTgA0mSYELa66DimuNQDvyLq36AwDlTuVRbnQtB+VuTcKWm5Qc4z3WkSpgsFWHNhexqkIooqpv4hdcqrX5Nmg=="],

    "ms": ["ms@2.1.3", "", {}, "sha512-6FlzubTLZG3J2a/NVCAleEhjzq5oxgHyaCU9yYXvcLsvoVaHJq/s5xXI6/XXP6tz7R9xAOtHnSO/tXtF3WRTlA=="],

    "openapi-types": ["openapi-types@12.1.3", "", {}, "sha512-N4YtSYJqghVu4iek2ZUvcN/0aqH1kRDuNqzcycDxhOUpg7GdvLa2F3DgS6yBNhInhv2r/6I0Flkn7CqL8+nIcw=="],

    "protobufjs": ["protobufjs@7.5.6", "", { "dependencies": { "@protobufjs/aspromise": "^1.1.2", "@protobufjs/base64": "^1.1.2", "@protobufjs/codegen": "^2.0.5", "@protobufjs/eventemitter": "^1.1.0", "@protobufjs/fetch": "^1.1.0", "@protobufjs/float": "^1.0.2", "@protobufjs/inquire": "^1.1.1", "@protobufjs/path": "^1.1.2", "@protobufjs/pool": "^1.1.0", "@protobufjs/utf8": "^1.1.1", "@types/node": ">=13.7.0", "long": "^5.0.0" } }, "sha512-M71sTMB146U3u0di3yup8iM+zv8yPRNQVr1KK4tyBitl3qFvEGucq/rGDRShD2rsJhtN02RJaJ7j5X5hmy8SJg=="],

    "require-directory": ["require-directory@2.1.1", "", {}, "sha512-fGxEI7+wsG9xrvdjsrlmL22OMTTiHRwAMroiEeMgq8gzoLC/PQr7RsRDSTLUg/bZAZtF+TVIkHc6/4RIKrui+Q=="],

    "rxjs": ["rxjs@7.8.2", "", { "dependencies": { "tslib": "^2.1.0" } }, "sha512-dhKf903U/PQZY6boNNtAGdWbG85WAbjT/1xYoZIC7FAY0yWapOBQVsVrDl58W86//e1VpMNBtRV4MaXfdMySFA=="],

    "safe-buffer": ["safe-buffer@5.2.1", "", {}, "sha512-rp3So07KcdmmKbGvgaNxQSJr7bGVSVk5S9Eq1F+ppbRo70+YeaDxkw5Dd8NPN+GD6bjnYm2VuPuCXmpuYvmCXQ=="],

    "shell-quote": ["shell-quote@1.8.3", "", {}, "sha512-ObmnIF4hXNg1BqhnHmgbDETF8dLPCggZWBjkQfhZpbszZnYur5DUljTcCHii5LC3J5E0yeO/1LIMyH+UvHQgyw=="],

    "spawn-command": ["spawn-command@0.0.2", "", {}, "sha512-zC8zGoGkmc8J9ndvml8Xksr1Amk9qBujgbF0JAIWO7kXr43w0h/0GJNM/Vustixu+YE8N/MTrQ7N31FvHUACxQ=="],

    "string-width": ["string-width@4.2.3", "", { "dependencies": { "emoji-regex": "^8.0.0", "is-fullwidth-code-point": "^3.0.0", "strip-ansi": "^6.0.1" } }, "sha512-wKyQRQpjJ0sIp62ErSZdGsjMJWsap5oRNihHhu6G7JVO/9jIB6UyevL+tXuOqrng8j/cxKTWyWUwvSTriiZz/g=="],

    "strip-ansi": ["strip-ansi@6.0.1", "", { "dependencies": { "ansi-regex": "^5.0.1" } }, "sha512-Y38VPSHcqkFrCpFnQ9vuSXmquuv5oXOKpGeT6aGrr3o3Gc9AlVa6JBfUSOCnbxGGZF+/0ooI7KrPuUSztUdU5A=="],

    "strtok3": ["strtok3@10.3.5", "", { "dependencies": { "@tokenizer/token": "^0.3.0" } }, "sha512-ki4hZQfh5rX0QDLLkOCj+h+CVNkqmp/CMf8v8kZpkNVK6jGQooMytqzLZYUVYIZcFZ6yDB70EfD8POcFXiF5oA=="],

    "supports-color": ["supports-color@8.1.1", "", { "dependencies": { "has-flag": "^4.0.0" } }, "sha512-MpUEN2OodtUzxvKQl72cUF7RQ5EiHsGvSsVG0ia9c5RbWGL2CI4C7EpPS8UTBIplnlzZiNuV56w+FuNxy3ty2Q=="],

    "token-types": ["token-types@6.1.2", "", { "dependencies": { "@borewit/text-codec": "^0.2.1", "@tokenizer/token": "^0.3.0", "ieee754": "^1.2.1" } }, "sha512-dRXchy+C0IgK8WPC6xvCHFRIWYUbqqdEIKPaKo/AcTUNzwLTK6AH7RjdLWsEZcAN/TBdtfUw3PYEgPr5VPr6ww=="],

    "tree-kill": ["tree-kill@1.2.2", "", { "bin": { "tree-kill": "cli.js" } }, "sha512-L0Orpi8qGpRG//Nd+H90vFB+3iHnue1zSSGmNOOCh1GLJ7rUKVwV2HvijphGQS2UmhUZewS9VgvxYIdgr+fG1A=="],

    "tslib": ["tslib@2.8.1", "", {}, "sha512-oJFu94HQb+KVduSUQL7wnpmqnfmLsOA/nAh6b6EH0wCEoK0/mPeXU6c3wKDV83MkOuHPRHtSXKKU99IBazS/2w=="],

    "uint8array-extras": ["uint8array-extras@1.5.0", "", {}, "sha512-rvKSBiC5zqCCiDZ9kAOszZcDvdAHwwIKJG33Ykj43OKcWsnmcBRL09YTU4nOeHZ8Y2a7l1MgTd08SBe9A8Qj6A=="],

    "undici": ["undici@6.19.7", "", {}, "sha512-HR3W/bMGPSr90i8AAp2C4DM3wChFdJPLrWYpIS++LxS8K+W535qftjt+4MyjNYHeWabMj1nvtmLIi7l++iq91A=="],

    "undici-types": ["undici-types@7.19.2", "", {}, "sha512-qYVnV5OEm2AW8cJMCpdV20CDyaN3g0AjDlOGf1OW4iaDEx8MwdtChUp4zu4H0VP3nDRF/8RKWH+IPp9uW0YGZg=="],

    "websocket-driver": ["websocket-driver@0.7.4", "", { "dependencies": { "http-parser-js": ">=0.5.1", "safe-buffer": ">=5.1.0", "websocket-extensions": ">=0.1.1" } }, "sha512-b17KeDIQVjvb0ssuSDF2cYXSg2iztliJ4B9WdsuB6J952qCPKmnVq4DyW5motImXHDC1cBT/1UezrJVsKw5zjg=="],

    "websocket-extensions": ["websocket-extensions@0.1.4", "", {}, "sha512-OqedPIGOfsDlo31UNwYbCFMSaO9m9G/0faIHj5/dZFDMFqPTcx6UwqyOy3COEaEOg/9VsGIpdqn62W5KhoKSpg=="],

    "wrap-ansi": ["wrap-ansi@7.0.0", "", { "dependencies": { "ansi-styles": "^4.0.0", "string-width": "^4.1.0", "strip-ansi": "^6.0.0" } }, "sha512-YVGIj2kamLSTxw6NsZjoBxfSwsn0ycdesmc4p+Q21c5zPuZ1pl+NfxVdxPtdHvmNVOQ6XSYG4AUtyt/Fi7D16Q=="],

    "y18n": ["y18n@5.0.8", "", {}, "sha512-0pfFzegeDWJHJIAmTLRP2DwHjdF5s7jo9tuztdQxAhINCdvS+3nGINqPd00AphqJR/0LhANUS6/+7SCb98YOfA=="],

    "yargs": ["yargs@17.7.2", "", { "dependencies": { "cliui": "^8.0.1", "escalade": "^3.1.1", "get-caller-file": "^2.0.5", "require-directory": "^2.1.1", "string-width": "^4.2.3", "y18n": "^5.0.5", "yargs-parser": "^21.1.1" } }, "sha512-7dSzzRQ++CKnNI/krKnYRV7JKKPUXMEh61soaHKg9mrWEhzFWhFnxPxGl+69cD1Ou63C13NUPCnmIcrvqCuM6w=="],

    "yargs-parser": ["yargs-parser@21.1.1", "", {}, "sha512-tVpsJW7DdjecAiFpbIB1e3qxIQsE6NoPc5/eTdrbbIC4h0LVsWhnoa3g+m2HclBIujHzsxZ4VJVA+GUuc2/LBw=="],

    "chalk/supports-color": ["supports-color@7.2.0", "", { "dependencies": { "has-flag": "^4.0.0" } }, "sha512-qpCAvRl9stuOHveKsn7HncJRvv501qIacKzQlO/+Lwxc9+0q2wLyv4Dfvt80/DPn2pqOBsJdDiogXGR9+OvwRw=="],
  }
}
